PODS:
  - AVOSCloud (11.1.0)
  - AVOSCloudIM (11.1.0):
    - AVOSCloud (= 11.1.0)
    - AVOSCloudIM/_ARC (= 11.1.0)
    - AVOSCloudIM/_NOARC (= 11.1.0)
  - AVOSCloudIM/_ARC (11.1.0):
    - AVOSCloud (= 11.1.0)
    - AVOSCloudIM/_NOARC (= 11.1.0)
  - AVOSCloudIM/_NOARC (11.1.0):
    - AVOSCloud (= 11.1.0)

DEPENDENCIES:
  - AVOSCloud
  - AVOSCloudIM

SPEC CHECKSUMS:
  AVOSCloud: 5151a8920ee5abda86515e1cd8a15840269e8617
  AVOSCloudIM: 204647c8ea1b2bade32383a30b53cc820947b5ef

PODFILE CHECKSUM: 5a731692ba18b68aa9369766aac6db75dc4af612

COCOAPODS: 1.4.0
